
Microsoft Visual Studio Solution File, Format Version 12.00
# Visual Studio Version 17
VisualStudioVersion = 17.14.36518.9
MinimumVisualStudioVersion = 10.0.40219.1
Project("{FAE04EC0-301F-11D3-BF4B-00C04F79EFBC}") = "Project_Cinema_Api", "Project_Cinema_Api\Project_Cinema_Api.csproj", "{71B0F9F9-CE4D-4AC9-910C-7A73AFB51861}"
EndProject
Project("{FAE04EC0-301F-11D3-BF4B-00C04F79EFBC}") = "DataAccess", "DataAccess\DataAccess.csproj", "{E97DAB37-E623-42B6-8A30-F948166CE734}"
EndProject
Project("{FAE04EC0-301F-11D3-BF4B-00C04F79EFBC}") = "BusinessLogic", "BusinessLogic\BusinessLogic.csproj", "{A8D80512-00B2-485A-8458-438755212361}"
EndProject
Global
	GlobalSection(SolutionConfigurationPlatforms) = preSolution
		Debug|Any CPU = Debug|Any CPU
		Release|Any CPU = Release|Any CPU
	EndGlobalSection
	GlobalSection(ProjectConfigurationPlatforms) = postSolution
		{71B0F9F9-CE4D-4AC9-910C-7A73AFB51861}.Debug|Any CPU.ActiveCfg = Debug|Any CPU
		{71B0F9F9-CE4D-4AC9-910C-7A73AFB51861}.Debug|Any CPU.Build.0 = Debug|Any CPU
		{71B0F9F9-CE4D-4AC9-910C-7A73AFB51861}.Release|Any CPU.ActiveCfg = Release|Any CPU
		{71B0F9F9-CE4D-4AC9-910C-7A73AFB51861}.Release|Any CPU.Build.0 = Release|Any CPU
		{E97DAB37-E623-42B6-8A30-F948166CE734}.Debug|Any CPU.ActiveCfg = Debug|Any CPU
		{E97DAB37-E623-42B6-8A30-F948166CE734}.Debug|Any CPU.Build.0 = Debug|Any CPU
		{E97DAB37-E623-42B6-8A30-F948166CE734}.Release|Any CPU.ActiveCfg = Release|Any CPU
		{E97DAB37-E623-42B6-8A30-F948166CE734}.Release|Any CPU.Build.0 = Release|Any CPU
		{A8D80512-00B2-485A-8458-438755212361}.Debug|Any CPU.ActiveCfg = Debug|Any CPU
		{A8D80512-00B2-485A-8458-438755212361}.Debug|Any CPU.Build.0 = Debug|Any CPU
		{A8D80512-00B2-485A-8458-438755212361}.Release|Any CPU.ActiveCfg = Release|Any CPU
		{A8D80512-00B2-485A-8458-438755212361}.Release|Any CPU.Build.0 = Release|Any CPU
	EndGlobalSection
	GlobalSection(SolutionProperties) = preSolution
		HideSolutionNode = FALSE
	EndGlobalSection
	GlobalSection(ExtensibilityGlobals) = postSolution
		SolutionGuid = {20C648B4-35D6-4C59-B555-804C78A45DBF}
	EndGlobalSection
EndGlobal
